
Microsoft Visual Studio Solution File, Format Version 12.00
# Visual Studio 2012
Project("{FAE04EC0-301F-11D3-BF4B-00C04F79EFBC}") = "WinMemoryMapper", "WinMemoryMapper\WinMemoryMapper.csproj", "{283B3583-E480-40CE-ACC6-4FBF39452468}"
EndProject
Project("{FAE04EC0-301F-11D3-BF4B-00C04F79EFBC}") = "D3MemDataLayer", "D3MemDataLayer\D3MemDataLayer.csproj", "{551DEB48-133D-4E0F-A773-8A65DDA2442F}"
EndProject
Project("{FAE04EC0-301F-11D3-BF4B-00C04F79EFBC}") = "TheComptroller", "DeeThreeComptroller\TheComptroller.csproj", "{667B1DEE-399B-4A2C-9425-85FB310523D1}"
EndProject
Project("{FAE04EC0-301F-11D3-BF4B-00C04F79EFBC}") = "SendInputLib", "SendInputLib\SendInputLib.csproj", "{5BF7DD3E-20D8-4A99-B90B-F34306B73EA6}"
EndProject
Project("{FAE04EC0-301F-11D3-BF4B-00C04F79EFBC}") = "LogicServiceLib", "LogicServiceLib\LogicServiceLib.csproj", "{DF82F400-1A7A-47D0-9B85-BF431AA4672D}"
EndProject
Project("{2150E333-8FDC-42A3-9474-1A3956D46DE8}") = "InjectionTesting", "InjectionTesting", "{6630DAC7-B5EF-4C6F-BBBC-5E83CF6A78F1}"
EndProject
Project("{2150E333-8FDC-42A3-9474-1A3956D46DE8}") = "D3 Specific", "D3 Specific", "{FE533FF1-AA86-4709-8094-4EB90E14D5E9}"
EndProject
Project("{8BC9CEB8-8B4A-11D0-8D11-00A0C91BC942}") = "Stub", "Stub\Stub.vcxproj", "{67F6AB51-E889-4D08-ABA3-21BC668BB9AD}"
EndProject
Project("{FAE04EC0-301F-11D3-BF4B-00C04F79EFBC}") = "Syringe", "Syringe\Syringe.csproj", "{3E3A04B3-9347-4395-A22A-C49C9B38F83C}"
EndProject
Project("{FAE04EC0-301F-11D3-BF4B-00C04F79EFBC}") = "Tester", "Tester\Tester.csproj", "{0C176839-13F8-4688-94CE-3D6BD565E3F3}"
EndProject
Project("{FAE04EC0-301F-11D3-BF4B-00C04F79EFBC}") = "TestGetCursorPosApp", "TestGetCursorPosApp\TestGetCursorPosApp.csproj", "{2E514DC0-3590-4326-AB5A-D9FC2505866F}"
EndProject
Global
	GlobalSection(SolutionConfigurationPlatforms) = preSolution
		Debug|Any CPU = Debug|Any CPU
		Debug|Mixed Platforms = Debug|Mixed Platforms
		Debug|Win32 = Debug|Win32
		Debug|x86 = Debug|x86
		Release|Any CPU = Release|Any CPU
		Release|Mixed Platforms = Release|Mixed Platforms
		Release|Win32 = Release|Win32
		Release|x86 = Release|x86
	EndGlobalSection
	GlobalSection(ProjectConfigurationPlatforms) = postSolution
		{283B3583-E480-40CE-ACC6-4FBF39452468}.Debug|Any CPU.ActiveCfg = Debug|Any CPU
		{283B3583-E480-40CE-ACC6-4FBF39452468}.Debug|Any CPU.Build.0 = Debug|Any CPU
		{283B3583-E480-40CE-ACC6-4FBF39452468}.Debug|Mixed Platforms.ActiveCfg = Debug|Any CPU
		{283B3583-E480-40CE-ACC6-4FBF39452468}.Debug|Mixed Platforms.Build.0 = Debug|Any CPU
		{283B3583-E480-40CE-ACC6-4FBF39452468}.Debug|Win32.ActiveCfg = Debug|Any CPU
		{283B3583-E480-40CE-ACC6-4FBF39452468}.Debug|x86.ActiveCfg = Debug|Any CPU
		{283B3583-E480-40CE-ACC6-4FBF39452468}.Release|Any CPU.ActiveCfg = Release|Any CPU
		{283B3583-E480-40CE-ACC6-4FBF39452468}.Release|Any CPU.Build.0 = Release|Any CPU
		{283B3583-E480-40CE-ACC6-4FBF39452468}.Release|Mixed Platforms.ActiveCfg = Release|Any CPU
		{283B3583-E480-40CE-ACC6-4FBF39452468}.Release|Mixed Platforms.Build.0 = Release|Any CPU
		{283B3583-E480-40CE-ACC6-4FBF39452468}.Release|Win32.ActiveCfg = Release|Any CPU
		{283B3583-E480-40CE-ACC6-4FBF39452468}.Release|x86.ActiveCfg = Release|Any CPU
		{551DEB48-133D-4E0F-A773-8A65DDA2442F}.Debug|Any CPU.ActiveCfg = Debug|Any CPU
		{551DEB48-133D-4E0F-A773-8A65DDA2442F}.Debug|Any CPU.Build.0 = Debug|Any CPU
		{551DEB48-133D-4E0F-A773-8A65DDA2442F}.Debug|Mixed Platforms.ActiveCfg = Debug|Any CPU
		{551DEB48-133D-4E0F-A773-8A65DDA2442F}.Debug|Mixed Platforms.Build.0 = Debug|Any CPU
		{551DEB48-133D-4E0F-A773-8A65DDA2442F}.Debug|Win32.ActiveCfg = Debug|Any CPU
		{551DEB48-133D-4E0F-A773-8A65DDA2442F}.Debug|x86.ActiveCfg = Debug|Any CPU
		{551DEB48-133D-4E0F-A773-8A65DDA2442F}.Release|Any CPU.ActiveCfg = Release|Any CPU
		{551DEB48-133D-4E0F-A773-8A65DDA2442F}.Release|Any CPU.Build.0 = Release|Any CPU
		{551DEB48-133D-4E0F-A773-8A65DDA2442F}.Release|Mixed Platforms.ActiveCfg = Release|Any CPU
		{551DEB48-133D-4E0F-A773-8A65DDA2442F}.Release|Mixed Platforms.Build.0 = Release|Any CPU
		{551DEB48-133D-4E0F-A773-8A65DDA2442F}.Release|Win32.ActiveCfg = Release|Any CPU
		{551DEB48-133D-4E0F-A773-8A65DDA2442F}.Release|x86.ActiveCfg = Release|Any CPU
		{667B1DEE-399B-4A2C-9425-85FB310523D1}.Debug|Any CPU.ActiveCfg = Debug|Any CPU
		{667B1DEE-399B-4A2C-9425-85FB310523D1}.Debug|Any CPU.Build.0 = Debug|Any CPU
		{667B1DEE-399B-4A2C-9425-85FB310523D1}.Debug|Mixed Platforms.ActiveCfg = Debug|Any CPU
		{667B1DEE-399B-4A2C-9425-85FB310523D1}.Debug|Mixed Platforms.Build.0 = Debug|Any CPU
		{667B1DEE-399B-4A2C-9425-85FB310523D1}.Debug|Win32.ActiveCfg = Debug|Any CPU
		{667B1DEE-399B-4A2C-9425-85FB310523D1}.Debug|x86.ActiveCfg = Debug|Any CPU
		{667B1DEE-399B-4A2C-9425-85FB310523D1}.Release|Any CPU.ActiveCfg = Release|Any CPU
		{667B1DEE-399B-4A2C-9425-85FB310523D1}.Release|Any CPU.Build.0 = Release|Any CPU
		{667B1DEE-399B-4A2C-9425-85FB310523D1}.Release|Mixed Platforms.ActiveCfg = Release|Any CPU
		{667B1DEE-399B-4A2C-9425-85FB310523D1}.Release|Mixed Platforms.Build.0 = Release|Any CPU
		{667B1DEE-399B-4A2C-9425-85FB310523D1}.Release|Win32.ActiveCfg = Release|Any CPU
		{667B1DEE-399B-4A2C-9425-85FB310523D1}.Release|x86.ActiveCfg = Release|Any CPU
		{5BF7DD3E-20D8-4A99-B90B-F34306B73EA6}.Debug|Any CPU.ActiveCfg = Debug|Any CPU
		{5BF7DD3E-20D8-4A99-B90B-F34306B73EA6}.Debug|Any CPU.Build.0 = Debug|Any CPU
		{5BF7DD3E-20D8-4A99-B90B-F34306B73EA6}.Debug|Mixed Platforms.ActiveCfg = Debug|Any CPU
		{5BF7DD3E-20D8-4A99-B90B-F34306B73EA6}.Debug|Mixed Platforms.Build.0 = Debug|Any CPU
		{5BF7DD3E-20D8-4A99-B90B-F34306B73EA6}.Debug|Win32.ActiveCfg = Debug|Any CPU
		{5BF7DD3E-20D8-4A99-B90B-F34306B73EA6}.Debug|x86.ActiveCfg = Debug|Any CPU
		{5BF7DD3E-20D8-4A99-B90B-F34306B73EA6}.Release|Any CPU.ActiveCfg = Release|Any CPU
		{5BF7DD3E-20D8-4A99-B90B-F34306B73EA6}.Release|Any CPU.Build.0 = Release|Any CPU
		{5BF7DD3E-20D8-4A99-B90B-F34306B73EA6}.Release|Mixed Platforms.ActiveCfg = Release|Any CPU
		{5BF7DD3E-20D8-4A99-B90B-F34306B73EA6}.Release|Mixed Platforms.Build.0 = Release|Any CPU
		{5BF7DD3E-20D8-4A99-B90B-F34306B73EA6}.Release|Win32.ActiveCfg = Release|Any CPU
		{5BF7DD3E-20D8-4A99-B90B-F34306B73EA6}.Release|x86.ActiveCfg = Release|Any CPU
		{DF82F400-1A7A-47D0-9B85-BF431AA4672D}.Debug|Any CPU.ActiveCfg = Debug|Any CPU
		{DF82F400-1A7A-47D0-9B85-BF431AA4672D}.Debug|Any CPU.Build.0 = Debug|Any CPU
		{DF82F400-1A7A-47D0-9B85-BF431AA4672D}.Debug|Mixed Platforms.ActiveCfg = Debug|Any CPU
		{DF82F400-1A7A-47D0-9B85-BF431AA4672D}.Debug|Mixed Platforms.Build.0 = Debug|Any CPU
		{DF82F400-1A7A-47D0-9B85-BF431AA4672D}.Debug|Win32.ActiveCfg = Debug|Any CPU
		{DF82F400-1A7A-47D0-9B85-BF431AA4672D}.Debug|x86.ActiveCfg = Debug|Any CPU
		{DF82F400-1A7A-47D0-9B85-BF431AA4672D}.Release|Any CPU.ActiveCfg = Release|Any CPU
		{DF82F400-1A7A-47D0-9B85-BF431AA4672D}.Release|Any CPU.Build.0 = Release|Any CPU
		{DF82F400-1A7A-47D0-9B85-BF431AA4672D}.Release|Mixed Platforms.ActiveCfg = Release|Any CPU
		{DF82F400-1A7A-47D0-9B85-BF431AA4672D}.Release|Mixed Platforms.Build.0 = Release|Any CPU
		{DF82F400-1A7A-47D0-9B85-BF431AA4672D}.Release|Win32.ActiveCfg = Release|Any CPU
		{DF82F400-1A7A-47D0-9B85-BF431AA4672D}.Release|x86.ActiveCfg = Release|Any CPU
		{67F6AB51-E889-4D08-ABA3-21BC668BB9AD}.Debug|Any CPU.ActiveCfg = Debug|Win32
		{67F6AB51-E889-4D08-ABA3-21BC668BB9AD}.Debug|Mixed Platforms.ActiveCfg = Debug|Win32
		{67F6AB51-E889-4D08-ABA3-21BC668BB9AD}.Debug|Mixed Platforms.Build.0 = Debug|Win32
		{67F6AB51-E889-4D08-ABA3-21BC668BB9AD}.Debug|Win32.ActiveCfg = Debug|Win32
		{67F6AB51-E889-4D08-ABA3-21BC668BB9AD}.Debug|Win32.Build.0 = Debug|Win32
		{67F6AB51-E889-4D08-ABA3-21BC668BB9AD}.Debug|x86.ActiveCfg = Debug|Win32
		{67F6AB51-E889-4D08-ABA3-21BC668BB9AD}.Debug|x86.Build.0 = Debug|Win32
		{67F6AB51-E889-4D08-ABA3-21BC668BB9AD}.Release|Any CPU.ActiveCfg = Release|Win32
		{67F6AB51-E889-4D08-ABA3-21BC668BB9AD}.Release|Mixed Platforms.ActiveCfg = Release|Win32
		{67F6AB51-E889-4D08-ABA3-21BC668BB9AD}.Release|Mixed Platforms.Build.0 = Release|Win32
		{67F6AB51-E889-4D08-ABA3-21BC668BB9AD}.Release|Win32.ActiveCfg = Release|Win32
		{67F6AB51-E889-4D08-ABA3-21BC668BB9AD}.Release|Win32.Build.0 = Release|Win32
		{67F6AB51-E889-4D08-ABA3-21BC668BB9AD}.Release|x86.ActiveCfg = Release|Win32
		{67F6AB51-E889-4D08-ABA3-21BC668BB9AD}.Release|x86.Build.0 = Release|Win32
		{3E3A04B3-9347-4395-A22A-C49C9B38F83C}.Debug|Any CPU.ActiveCfg = Debug|Any CPU
		{3E3A04B3-9347-4395-A22A-C49C9B38F83C}.Debug|Any CPU.Build.0 = Debug|Any CPU
		{3E3A04B3-9347-4395-A22A-C49C9B38F83C}.Debug|Mixed Platforms.ActiveCfg = Debug|x86
		{3E3A04B3-9347-4395-A22A-C49C9B38F83C}.Debug|Mixed Platforms.Build.0 = Debug|x86
		{3E3A04B3-9347-4395-A22A-C49C9B38F83C}.Debug|Win32.ActiveCfg = Debug|x86
		{3E3A04B3-9347-4395-A22A-C49C9B38F83C}.Debug|Win32.Build.0 = Debug|x86
		{3E3A04B3-9347-4395-A22A-C49C9B38F83C}.Debug|x86.ActiveCfg = Debug|x86
		{3E3A04B3-9347-4395-A22A-C49C9B38F83C}.Debug|x86.Build.0 = Debug|x86
		{3E3A04B3-9347-4395-A22A-C49C9B38F83C}.Release|Any CPU.ActiveCfg = Release|Any CPU
		{3E3A04B3-9347-4395-A22A-C49C9B38F83C}.Release|Any CPU.Build.0 = Release|Any CPU
		{3E3A04B3-9347-4395-A22A-C49C9B38F83C}.Release|Mixed Platforms.ActiveCfg = Release|x86
		{3E3A04B3-9347-4395-A22A-C49C9B38F83C}.Release|Mixed Platforms.Build.0 = Release|x86
		{3E3A04B3-9347-4395-A22A-C49C9B38F83C}.Release|Win32.ActiveCfg = Release|x86
		{3E3A04B3-9347-4395-A22A-C49C9B38F83C}.Release|Win32.Build.0 = Release|x86
		{3E3A04B3-9347-4395-A22A-C49C9B38F83C}.Release|x86.ActiveCfg = Release|x86
		{3E3A04B3-9347-4395-A22A-C49C9B38F83C}.Release|x86.Build.0 = Release|x86
		{0C176839-13F8-4688-94CE-3D6BD565E3F3}.Debug|Any CPU.ActiveCfg = Debug|Any CPU
		{0C176839-13F8-4688-94CE-3D6BD565E3F3}.Debug|Any CPU.Build.0 = Debug|Any CPU
		{0C176839-13F8-4688-94CE-3D6BD565E3F3}.Debug|Mixed Platforms.ActiveCfg = Debug|x86
		{0C176839-13F8-4688-94CE-3D6BD565E3F3}.Debug|Mixed Platforms.Build.0 = Debug|x86
		{0C176839-13F8-4688-94CE-3D6BD565E3F3}.Debug|Win32.ActiveCfg = Debug|x86
		{0C176839-13F8-4688-94CE-3D6BD565E3F3}.Debug|Win32.Build.0 = Debug|x86
		{0C176839-13F8-4688-94CE-3D6BD565E3F3}.Debug|x86.ActiveCfg = Debug|x86
		{0C176839-13F8-4688-94CE-3D6BD565E3F3}.Debug|x86.Build.0 = Debug|x86
		{0C176839-13F8-4688-94CE-3D6BD565E3F3}.Release|Any CPU.ActiveCfg = Release|Any CPU
		{0C176839-13F8-4688-94CE-3D6BD565E3F3}.Release|Any CPU.Build.0 = Release|Any CPU
		{0C176839-13F8-4688-94CE-3D6BD565E3F3}.Release|Mixed Platforms.ActiveCfg = Release|x86
		{0C176839-13F8-4688-94CE-3D6BD565E3F3}.Release|Mixed Platforms.Build.0 = Release|x86
		{0C176839-13F8-4688-94CE-3D6BD565E3F3}.Release|Win32.ActiveCfg = Release|x86
		{0C176839-13F8-4688-94CE-3D6BD565E3F3}.Release|Win32.Build.0 = Release|x86
		{0C176839-13F8-4688-94CE-3D6BD565E3F3}.Release|x86.ActiveCfg = Release|x86
		{0C176839-13F8-4688-94CE-3D6BD565E3F3}.Release|x86.Build.0 = Release|x86
		{2E514DC0-3590-4326-AB5A-D9FC2505866F}.Debug|Any CPU.ActiveCfg = Debug|Any CPU
		{2E514DC0-3590-4326-AB5A-D9FC2505866F}.Debug|Any CPU.Build.0 = Debug|Any CPU
		{2E514DC0-3590-4326-AB5A-D9FC2505866F}.Debug|Mixed Platforms.ActiveCfg = Debug|Any CPU
		{2E514DC0-3590-4326-AB5A-D9FC2505866F}.Debug|Mixed Platforms.Build.0 = Debug|Any CPU
		{2E514DC0-3590-4326-AB5A-D9FC2505866F}.Debug|Win32.ActiveCfg = Debug|Any CPU
		{2E514DC0-3590-4326-AB5A-D9FC2505866F}.Debug|x86.ActiveCfg = Debug|Any CPU
		{2E514DC0-3590-4326-AB5A-D9FC2505866F}.Release|Any CPU.ActiveCfg = Release|Any CPU
		{2E514DC0-3590-4326-AB5A-D9FC2505866F}.Release|Any CPU.Build.0 = Release|Any CPU
		{2E514DC0-3590-4326-AB5A-D9FC2505866F}.Release|Mixed Platforms.ActiveCfg = Release|Any CPU
		{2E514DC0-3590-4326-AB5A-D9FC2505866F}.Release|Mixed Platforms.Build.0 = Release|Any CPU
		{2E514DC0-3590-4326-AB5A-D9FC2505866F}.Release|Win32.ActiveCfg = Release|Any CPU
		{2E514DC0-3590-4326-AB5A-D9FC2505866F}.Release|x86.ActiveCfg = Release|Any CPU
	EndGlobalSection
	GlobalSection(SolutionProperties) = preSolution
		HideSolutionNode = FALSE
	EndGlobalSection
	GlobalSection(NestedProjects) = preSolution
		{667B1DEE-399B-4A2C-9425-85FB310523D1} = {FE533FF1-AA86-4709-8094-4EB90E14D5E9}
		{DF82F400-1A7A-47D0-9B85-BF431AA4672D} = {FE533FF1-AA86-4709-8094-4EB90E14D5E9}
		{551DEB48-133D-4E0F-A773-8A65DDA2442F} = {FE533FF1-AA86-4709-8094-4EB90E14D5E9}
		{67F6AB51-E889-4D08-ABA3-21BC668BB9AD} = {6630DAC7-B5EF-4C6F-BBBC-5E83CF6A78F1}
		{3E3A04B3-9347-4395-A22A-C49C9B38F83C} = {6630DAC7-B5EF-4C6F-BBBC-5E83CF6A78F1}
		{0C176839-13F8-4688-94CE-3D6BD565E3F3} = {6630DAC7-B5EF-4C6F-BBBC-5E83CF6A78F1}
		{2E514DC0-3590-4326-AB5A-D9FC2505866F} = {6630DAC7-B5EF-4C6F-BBBC-5E83CF6A78F1}
	EndGlobalSection
EndGlobal
